// !$*UTF8*$!
{
	archiveVersion = 1;
	classes = {
	};
	objectVersion = 46;
	objects = {

/* Begin PBXBuildFile section */
		140B474A1B47704B00E38502 /* Images.xcassets in Resources */ = {isa = PBXBuildFile; fileRef = 14FF4CBD1B2392F2007AED39 /* Images.xcassets */; };
		143AF5041B444E8900265644 /* CommonCrypto.framework in Frameworks */ = {isa = PBXBuildFile; fileRef = 143AF4E61B444E3A00265644 /* CommonCrypto.framework */; };
		1462B6BA1B443F3C00E4BB78 /* objc-header.h in Headers */ = {isa = PBXBuildFile; fileRef = 1462B6B91B443F3C00E4BB78 /* objc-header.h */; };
		147B16631B4660DE000844A3 /* ImageDownloader.swift in Sources */ = {isa = PBXBuildFile; fileRef = 147B16621B4660DE000844A3 /* ImageDownloader.swift */; };
		147B16641B4669BF000844A3 /* Images.xcassets in Resources */ = {isa = PBXBuildFile; fileRef = 14FF4CBD1B2392F2007AED39 /* Images.xcassets */; };
		14C6263F1B44CB7E00F319CF /* CommonCrypto.xcconfig in Resources */ = {isa = PBXBuildFile; fileRef = 14C6263B1B44CB7E00F319CF /* CommonCrypto.xcconfig */; };
		14C626411B44D8FD00F319CF /* img.json in Resources */ = {isa = PBXBuildFile; fileRef = 14C626401B44D8FD00F319CF /* img.json */; };
		14C626421B44F83600F319CF /* UZImageCollection.framework in Frameworks */ = {isa = PBXBuildFile; fileRef = 14FF4C921B239166007AED39 /* UZImageCollection.framework */; };
		14C626431B44F83600F319CF /* UZImageCollection.framework in Embed Frameworks */ = {isa = PBXBuildFile; fileRef = 14FF4C921B239166007AED39 /* UZImageCollection.framework */; settings = {ATTRIBUTES = (CodeSignOnCopy, RemoveHeadersOnCopy, ); }; };
		14C626461B44F83600F319CF /* CommonCrypto.framework in Frameworks */ = {isa = PBXBuildFile; fileRef = 143AF4E61B444E3A00265644 /* CommonCrypto.framework */; };
		14C626471B44F83600F319CF /* CommonCrypto.framework in Embed Frameworks */ = {isa = PBXBuildFile; fileRef = 143AF4E61B444E3A00265644 /* CommonCrypto.framework */; settings = {ATTRIBUTES = (CodeSignOnCopy, RemoveHeadersOnCopy, ); }; };
		14C985B21B24DB31000FE9EC /* ImageViewPageController.swift in Sources */ = {isa = PBXBuildFile; fileRef = 14C985B11B24DB31000FE9EC /* ImageViewPageController.swift */; };
		14FF4C981B239166007AED39 /* UZImageCollection.h in Headers */ = {isa = PBXBuildFile; fileRef = 14FF4C971B239166007AED39 /* UZImageCollection.h */; settings = {ATTRIBUTES = (Public, ); }; };
		14FF4C9E1B239166007AED39 /* UZImageCollection.framework in Frameworks */ = {isa = PBXBuildFile; fileRef = 14FF4C921B239166007AED39 /* UZImageCollection.framework */; };
		14FF4CA51B239166007AED39 /* UZImageCollectionTests.swift in Sources */ = {isa = PBXBuildFile; fileRef = 14FF4CA41B239166007AED39 /* UZImageCollectionTests.swift */; };
		14FF4CB71B2392F2007AED39 /* AppDelegate.swift in Sources */ = {isa = PBXBuildFile; fileRef = 14FF4CB61B2392F2007AED39 /* AppDelegate.swift */; };
		14FF4CB91B2392F2007AED39 /* ViewController.swift in Sources */ = {isa = PBXBuildFile; fileRef = 14FF4CB81B2392F2007AED39 /* ViewController.swift */; };
		14FF4CBC1B2392F2007AED39 /* Main.storyboard in Resources */ = {isa = PBXBuildFile; fileRef = 14FF4CBA1B2392F2007AED39 /* Main.storyboard */; };
		14FF4CC11B2392F2007AED39 /* LaunchScreen.xib in Resources */ = {isa = PBXBuildFile; fileRef = 14FF4CBF1B2392F2007AED39 /* LaunchScreen.xib */; };
		14FF4CD81B239ADC007AED39 /* ImageCollection.swift in Sources */ = {isa = PBXBuildFile; fileRef = 14FF4CD41B239ADC007AED39 /* ImageCollection.swift */; };
		14FF4CD91B239ADC007AED39 /* ImageCollectionViewCell.swift in Sources */ = {isa = PBXBuildFile; fileRef = 14FF4CD51B239ADC007AED39 /* ImageCollectionViewCell.swift */; };
		14FF4CDA1B239ADC007AED39 /* ImageCollectionViewController.swift in Sources */ = {isa = PBXBuildFile; fileRef = 14FF4CD61B239ADC007AED39 /* ImageCollectionViewController.swift */; };
		14FF4CDB1B239ADC007AED39 /* ImageViewController.swift in Sources */ = {isa = PBXBuildFile; fileRef = 14FF4CD71B239ADC007AED39 /* ImageViewController.swift */; };
/* End PBXBuildFile section */

/* Begin PBXContainerItemProxy section */
		14C626441B44F83600F319CF /* PBXContainerItemProxy */ = {
			isa = PBXContainerItemProxy;
			containerPortal = 14FF4C891B239166007AED39 /* Project object */;
			proxyType = 1;
			remoteGlobalIDString = 14FF4C911B239166007AED39;
			remoteInfo = UZImageCollection;
		};
		14C626481B44F83600F319CF /* PBXContainerItemProxy */ = {
			isa = PBXContainerItemProxy;
			containerPortal = 14FF4C891B239166007AED39 /* Project object */;
			proxyType = 1;
			remoteGlobalIDString = 143AF4E51B444E3A00265644;
			remoteInfo = CommonCrypto;
		};
		14FF4C9F1B239166007AED39 /* PBXContainerItemProxy */ = {
			isa = PBXContainerItemProxy;
			containerPortal = 14FF4C891B239166007AED39 /* Project object */;
			proxyType = 1;
			remoteGlobalIDString = 14FF4C911B239166007AED39;
			remoteInfo = UZImageCollection;
		};
/* End PBXContainerItemProxy section */

/* Begin PBXCopyFilesBuildPhase section */
		14C6264A1B44F83600F319CF /* Embed Frameworks */ = {
			isa = PBXCopyFilesBuildPhase;
			buildActionMask = 2147483647;
			dstPath = "";
			dstSubfolderSpec = 10;
			files = (
				14C626471B44F83600F319CF /* CommonCrypto.framework in Embed Frameworks */,
				14C626431B44F83600F319CF /* UZImageCollection.framework in Embed Frameworks */,
			);
			name = "Embed Frameworks";
			runOnlyForDeploymentPostprocessing = 0;
		};
/* End PBXCopyFilesBuildPhase section */

/* Begin PBXFileReference section */
		143AF4E61B444E3A00265644 /* CommonCrypto.framework */ = {isa = PBXFileReference; explicitFileType = wrapper.framework; includeInIndex = 0; path = CommonCrypto.framework; sourceTree = BUILT_PRODUCTS_DIR; };
		143AF4EA1B444E3A00265644 /* Info.plist */ = {isa = PBXFileReference; lastKnownFileType = text.plist.xml; path = Info.plist; sourceTree = "<group>"; };
		1462B6B91B443F3C00E4BB78 /* objc-header.h */ = {isa = PBXFileReference; fileEncoding = 4; lastKnownFileType = sourcecode.c.h; name = "objc-header.h"; path = "../UZImageCollection/objc-header.h"; sourceTree = "<group>"; };
		147B16621B4660DE000844A3 /* ImageDownloader.swift */ = {isa = PBXFileReference; fileEncoding = 4; lastKnownFileType = sourcecode.swift; path = ImageDownloader.swift; sourceTree = "<group>"; };
		14C6263B1B44CB7E00F319CF /* CommonCrypto.xcconfig */ = {isa = PBXFileReference; fileEncoding = 4; lastKnownFileType = text.xcconfig; path = CommonCrypto.xcconfig; sourceTree = "<group>"; };
		14C6263C1B44CB7E00F319CF /* iphoneos.modulemap */ = {isa = PBXFileReference; fileEncoding = 4; lastKnownFileType = "sourcecode.module-map"; path = iphoneos.modulemap; sourceTree = "<group>"; };
		14C6263D1B44CB7E00F319CF /* iphonesimulator.modulemap */ = {isa = PBXFileReference; fileEncoding = 4; lastKnownFileType = "sourcecode.module-map"; path = iphonesimulator.modulemap; sourceTree = "<group>"; };
		14C6263E1B44CB7E00F319CF /* macosx.modulemap */ = {isa = PBXFileReference; fileEncoding = 4; lastKnownFileType = "sourcecode.module-map"; path = macosx.modulemap; sourceTree = "<group>"; };
		14C626401B44D8FD00F319CF /* img.json */ = {isa = PBXFileReference; fileEncoding = 4; lastKnownFileType = text.json; name = img.json; path = UZImageCollection/img.json; sourceTree = SOURCE_ROOT; };
		14C985B11B24DB31000FE9EC /* ImageViewPageController.swift */ = {isa = PBXFileReference; fileEncoding = 4; lastKnownFileType = sourcecode.swift; path = ImageViewPageController.swift; sourceTree = "<group>"; };
		14FF4C921B239166007AED39 /* UZImageCollection.framework */ = {isa = PBXFileReference; explicitFileType = wrapper.framework; includeInIndex = 0; path = UZImageCollection.framework; sourceTree = BUILT_PRODUCTS_DIR; };
		14FF4C961B239166007AED39 /* Info.plist */ = {isa = PBXFileReference; lastKnownFileType = text.plist.xml; path = Info.plist; sourceTree = "<group>"; };
		14FF4C971B239166007AED39 /* UZImageCollection.h */ = {isa = PBXFileReference; lastKnownFileType = sourcecode.c.h; path = UZImageCollection.h; sourceTree = "<group>"; };
		14FF4C9D1B239166007AED39 /* UZImageCollectionTests.xctest */ = {isa = PBXFileReference; explicitFileType = wrapper.cfbundle; includeInIndex = 0; path = UZImageCollectionTests.xctest; sourceTree = BUILT_PRODUCTS_DIR; };
		14FF4CA31B239166007AED39 /* Info.plist */ = {isa = PBXFileReference; lastKnownFileType = text.plist.xml; path = Info.plist; sourceTree = "<group>"; };
		14FF4CA41B239166007AED39 /* UZImageCollectionTests.swift */ = {isa = PBXFileReference; lastKnownFileType = sourcecode.swift; path = UZImageCollectionTests.swift; sourceTree = "<group>"; };
		14FF4CB21B2392F2007AED39 /* UZImageCollectionSample.app */ = {isa = PBXFileReference; explicitFileType = wrapper.application; includeInIndex = 0; path = UZImageCollectionSample.app; sourceTree = BUILT_PRODUCTS_DIR; };
		14FF4CB51B2392F2007AED39 /* Info.plist */ = {isa = PBXFileReference; lastKnownFileType = text.plist.xml; path = Info.plist; sourceTree = "<group>"; };
		14FF4CB61B2392F2007AED39 /* AppDelegate.swift */ = {isa = PBXFileReference; lastKnownFileType = sourcecode.swift; path = AppDelegate.swift; sourceTree = "<group>"; };
		14FF4CB81B2392F2007AED39 /* ViewController.swift */ = {isa = PBXFileReference; lastKnownFileType = sourcecode.swift; path = ViewController.swift; sourceTree = "<group>"; };
		14FF4CBB1B2392F2007AED39 /* Base */ = {isa = PBXFileReference; lastKnownFileType = file.storyboard; name = Base; path = Base.lproj/Main.storyboard; sourceTree = "<group>"; };
		14FF4CBD1B2392F2007AED39 /* Images.xcassets */ = {isa = PBXFileReference; lastKnownFileType = folder.assetcatalog; path = Images.xcassets; sourceTree = "<group>"; };
		14FF4CC01B2392F2007AED39 /* Base */ = {isa = PBXFileReference; lastKnownFileType = file.xib; name = Base; path = Base.lproj/LaunchScreen.xib; sourceTree = "<group>"; };
		14FF4CD41B239ADC007AED39 /* ImageCollection.swift */ = {isa = PBXFileReference; fileEncoding = 4; lastKnownFileType = sourcecode.swift; path = ImageCollection.swift; sourceTree = "<group>"; };
		14FF4CD51B239ADC007AED39 /* ImageCollectionViewCell.swift */ = {isa = PBXFileReference; fileEncoding = 4; lastKnownFileType = sourcecode.swift; path = ImageCollectionViewCell.swift; sourceTree = "<group>"; };
		14FF4CD61B239ADC007AED39 /* ImageCollectionViewController.swift */ = {isa = PBXFileReference; fileEncoding = 4; lastKnownFileType = sourcecode.swift; path = ImageCollectionViewController.swift; sourceTree = "<group>"; };
		14FF4CD71B239ADC007AED39 /* ImageViewController.swift */ = {isa = PBXFileReference; fileEncoding = 4; lastKnownFileType = sourcecode.swift; path = ImageViewController.swift; sourceTree = "<group>"; };
/* End PBXFileReference section */

/* Begin PBXFrameworksBuildPhase section */
		143AF4E21B444E3A00265644 /* Frameworks */ = {
			isa = PBXFrameworksBuildPhase;
			buildActionMask = 2147483647;
			files = (
			);
			runOnlyForDeploymentPostprocessing = 0;
		};
		14FF4C8E1B239166007AED39 /* Frameworks */ = {
			isa = PBXFrameworksBuildPhase;
			buildActionMask = 2147483647;
			files = (
				143AF5041B444E8900265644 /* CommonCrypto.framework in Frameworks */,
			);
			runOnlyForDeploymentPostprocessing = 0;
		};
		14FF4C9A1B239166007AED39 /* Frameworks */ = {
			isa = PBXFrameworksBuildPhase;
			buildActionMask = 2147483647;
			files = (
				14FF4C9E1B239166007AED39 /* UZImageCollection.framework in Frameworks */,
			);
			runOnlyForDeploymentPostprocessing = 0;
		};
		14FF4CAF1B2392F2007AED39 /* Frameworks */ = {
			isa = PBXFrameworksBuildPhase;
			buildActionMask = 2147483647;
			files = (
				14C626461B44F83600F319CF /* CommonCrypto.framework in Frameworks */,
				14C626421B44F83600F319CF /* UZImageCollection.framework in Frameworks */,
			);
			runOnlyForDeploymentPostprocessing = 0;
		};
/* End PBXFrameworksBuildPhase section */

/* Begin PBXGroup section */
		143AF4E71B444E3A00265644 /* CommonCrypto */ = {
			isa = PBXGroup;
			children = (
				14C6263B1B44CB7E00F319CF /* CommonCrypto.xcconfig */,
				14C6263C1B44CB7E00F319CF /* iphoneos.modulemap */,
				14C6263D1B44CB7E00F319CF /* iphonesimulator.modulemap */,
				14C6263E1B44CB7E00F319CF /* macosx.modulemap */,
				143AF4EA1B444E3A00265644 /* Info.plist */,
			);
			path = CommonCrypto;
			sourceTree = "<group>";
		};
		14FF4C881B239166007AED39 = {
			isa = PBXGroup;
			children = (
				14FF4C941B239166007AED39 /* UZImageCollection */,
				14FF4CB31B2392F2007AED39 /* UZImageCollectionSample */,
				14FF4CA11B239166007AED39 /* UZImageCollectionTests */,
				143AF4E71B444E3A00265644 /* CommonCrypto */,
				14FF4C931B239166007AED39 /* Products */,
			);
			sourceTree = "<group>";
		};
		14FF4C931B239166007AED39 /* Products */ = {
			isa = PBXGroup;
			children = (
				14FF4C921B239166007AED39 /* UZImageCollection.framework */,
				14FF4C9D1B239166007AED39 /* UZImageCollectionTests.xctest */,
				14FF4CB21B2392F2007AED39 /* UZImageCollectionSample.app */,
				143AF4E61B444E3A00265644 /* CommonCrypto.framework */,
			);
			name = Products;
			sourceTree = "<group>";
		};
		14FF4C941B239166007AED39 /* UZImageCollection */ = {
			isa = PBXGroup;
			children = (
				14FF4C971B239166007AED39 /* UZImageCollection.h */,
				14FF4CD41B239ADC007AED39 /* ImageCollection.swift */,
				147B16621B4660DE000844A3 /* ImageDownloader.swift */,
				14FF4CD71B239ADC007AED39 /* ImageViewController.swift */,
				14FF4CD51B239ADC007AED39 /* ImageCollectionViewCell.swift */,
				14FF4CD61B239ADC007AED39 /* ImageCollectionViewController.swift */,
				14C985B11B24DB31000FE9EC /* ImageViewPageController.swift */,
				14FF4C951B239166007AED39 /* Supporting Files */,
			);
			path = UZImageCollection;
			sourceTree = "<group>";
		};
		14FF4C951B239166007AED39 /* Supporting Files */ = {
			isa = PBXGroup;
			children = (
				14FF4C961B239166007AED39 /* Info.plist */,
			);
			name = "Supporting Files";
			sourceTree = "<group>";
		};
		14FF4CA11B239166007AED39 /* UZImageCollectionTests */ = {
			isa = PBXGroup;
			children = (
				14FF4CA41B239166007AED39 /* UZImageCollectionTests.swift */,
				14FF4CA21B239166007AED39 /* Supporting Files */,
			);
			path = UZImageCollectionTests;
			sourceTree = "<group>";
		};
		14FF4CA21B239166007AED39 /* Supporting Files */ = {
			isa = PBXGroup;
			children = (
				14FF4CA31B239166007AED39 /* Info.plist */,
			);
			name = "Supporting Files";
			sourceTree = "<group>";
		};
		14FF4CB31B2392F2007AED39 /* UZImageCollectionSample */ = {
			isa = PBXGroup;
			children = (
				14C626401B44D8FD00F319CF /* img.json */,
				1462B6B91B443F3C00E4BB78 /* objc-header.h */,
				14FF4CB61B2392F2007AED39 /* AppDelegate.swift */,
				14FF4CB81B2392F2007AED39 /* ViewController.swift */,
				14FF4CBA1B2392F2007AED39 /* Main.storyboard */,
				14FF4CBD1B2392F2007AED39 /* Images.xcassets */,
				14FF4CBF1B2392F2007AED39 /* LaunchScreen.xib */,
				14FF4CB41B2392F2007AED39 /* Supporting Files */,
			);
			path = UZImageCollectionSample;
			sourceTree = "<group>";
		};
		14FF4CB41B2392F2007AED39 /* Supporting Files */ = {
			isa = PBXGroup;
			children = (
				14FF4CB51B2392F2007AED39 /* Info.plist */,
			);
			name = "Supporting Files";
			sourceTree = "<group>";
		};
/* End PBXGroup section */

/* Begin PBXHeadersBuildPhase section */
		143AF4E31B444E3A00265644 /* Headers */ = {
			isa = PBXHeadersBuildPhase;
			buildActionMask = 2147483647;
			files = (
			);
			runOnlyForDeploymentPostprocessing = 0;
		};
		14FF4C8F1B239166007AED39 /* Headers */ = {
			isa = PBXHeadersBuildPhase;
			buildActionMask = 2147483647;
			files = (
				14FF4C981B239166007AED39 /* UZImageCollection.h in Headers */,
				1462B6BA1B443F3C00E4BB78 /* objc-header.h in Headers */,
			);
			runOnlyForDeploymentPostprocessing = 0;
		};
/* End PBXHeadersBuildPhase section */

/* Begin PBXNativeTarget section */
		143AF4E51B444E3A00265644 /* CommonCrypto */ = {
			isa = PBXNativeTarget;
			buildConfigurationList = 143AF4FB1B444E3A00265644 /* Build configuration list for PBXNativeTarget "CommonCrypto" */;
			buildPhases = (
				143AF4E11B444E3A00265644 /* Sources */,
				143AF4E21B444E3A00265644 /* Frameworks */,
				143AF4E31B444E3A00265644 /* Headers */,
				143AF4E41B444E3A00265644 /* Resources */,
			);
			buildRules = (
			);
			dependencies = (
			);
			name = CommonCrypto;
			productName = CommonCrypto;
			productReference = 143AF4E61B444E3A00265644 /* CommonCrypto.framework */;
			productType = "com.apple.product-type.framework";
		};
		14FF4C911B239166007AED39 /* UZImageCollection */ = {
			isa = PBXNativeTarget;
			buildConfigurationList = 14FF4CA81B239166007AED39 /* Build configuration list for PBXNativeTarget "UZImageCollection" */;
			buildPhases = (
				14FF4C8D1B239166007AED39 /* Sources */,
				14FF4C8E1B239166007AED39 /* Frameworks */,
				14FF4C8F1B239166007AED39 /* Headers */,
				14FF4C901B239166007AED39 /* Resources */,
			);
			buildRules = (
			);
			dependencies = (
			);
			name = UZImageCollection;
			productName = UZImageCollection;
			productReference = 14FF4C921B239166007AED39 /* UZImageCollection.framework */;
			productType = "com.apple.product-type.framework";
		};
		14FF4C9C1B239166007AED39 /* UZImageCollectionTests */ = {
			isa = PBXNativeTarget;
			buildConfigurationList = 14FF4CAB1B239166007AED39 /* Build configuration list for PBXNativeTarget "UZImageCollectionTests" */;
			buildPhases = (
				14FF4C991B239166007AED39 /* Sources */,
				14FF4C9A1B239166007AED39 /* Frameworks */,
				14FF4C9B1B239166007AED39 /* Resources */,
			);
			buildRules = (
			);
			dependencies = (
				14FF4CA01B239166007AED39 /* PBXTargetDependency */,
			);
			name = UZImageCollectionTests;
			productName = UZImageCollectionTests;
			productReference = 14FF4C9D1B239166007AED39 /* UZImageCollectionTests.xctest */;
			productType = "com.apple.product-type.bundle.unit-test";
		};
		14FF4CB11B2392F2007AED39 /* UZImageCollectionSample */ = {
			isa = PBXNativeTarget;
			buildConfigurationList = 14FF4CCE1B2392F2007AED39 /* Build configuration list for PBXNativeTarget "UZImageCollectionSample" */;
			buildPhases = (
				14FF4CAE1B2392F2007AED39 /* Sources */,
				14FF4CAF1B2392F2007AED39 /* Frameworks */,
				14FF4CB01B2392F2007AED39 /* Resources */,
				14C6264A1B44F83600F319CF /* Embed Frameworks */,
			);
			buildRules = (
			);
			dependencies = (
				14C626451B44F83600F319CF /* PBXTargetDependency */,
				14C626491B44F83600F319CF /* PBXTargetDependency */,
			);
			name = UZImageCollectionSample;
			productName = UZImageCollectionSample;
			productReference = 14FF4CB21B2392F2007AED39 /* UZImageCollectionSample.app */;
			productType = "com.apple.product-type.application";
		};
/* End PBXNativeTarget section */

/* Begin PBXProject section */
		14FF4C891B239166007AED39 /* Project object */ = {
			isa = PBXProject;
			attributes = {
				LastSwiftUpdateCheck = 0700;
				LastUpgradeCheck = 0700;
				ORGANIZATIONNAME = sonson;
				TargetAttributes = {
					143AF4E51B444E3A00265644 = {
						CreatedOnToolsVersion = 7.0;
						DevelopmentTeam = JP866VWWSD;
					};
					14FF4C911B239166007AED39 = {
						CreatedOnToolsVersion = 6.3.2;
						DevelopmentTeam = JP866VWWSD;
					};
					14FF4C9C1B239166007AED39 = {
						CreatedOnToolsVersion = 6.3.2;
					};
					14FF4CB11B2392F2007AED39 = {
						CreatedOnToolsVersion = 6.3.2;
						DevelopmentTeam = JP866VWWSD;
					};
				};
			};
			buildConfigurationList = 14FF4C8C1B239166007AED39 /* Build configuration list for PBXProject "UZImageCollection" */;
			compatibilityVersion = "Xcode 3.2";
			developmentRegion = English;
			hasScannedForEncodings = 0;
			knownRegions = (
				en,
				Base,
			);
			mainGroup = 14FF4C881B239166007AED39;
			productRefGroup = 14FF4C931B239166007AED39 /* Products */;
			projectDirPath = "";
			projectRoot = "";
			targets = (
				143AF4E51B444E3A00265644 /* CommonCrypto */,
				14FF4C911B239166007AED39 /* UZImageCollection */,
				14FF4C9C1B239166007AED39 /* UZImageCollectionTests */,
				14FF4CB11B2392F2007AED39 /* UZImageCollectionSample */,
			);
		};
/* End PBXProject section */

/* Begin PBXResourcesBuildPhase section */
		143AF4E41B444E3A00265644 /* Resources */ = {
			isa = PBXResourcesBuildPhase;
			buildActionMask = 2147483647;
			files = (
				14C6263F1B44CB7E00F319CF /* CommonCrypto.xcconfig in Resources */,
			);
			runOnlyForDeploymentPostprocessing = 0;
		};
		14FF4C901B239166007AED39 /* Resources */ = {
			isa = PBXResourcesBuildPhase;
			buildActionMask = 2147483647;
			files = (
				147B16641B4669BF000844A3 /* Images.xcassets in Resources */,
			);
			runOnlyForDeploymentPostprocessing = 0;
		};
		14FF4C9B1B239166007AED39 /* Resources */ = {
			isa = PBXResourcesBuildPhase;
			buildActionMask = 2147483647;
			files = (
			);
			runOnlyForDeploymentPostprocessing = 0;
		};
		14FF4CB01B2392F2007AED39 /* Resources */ = {
			isa = PBXResourcesBuildPhase;
			buildActionMask = 2147483647;
			files = (
				14FF4CBC1B2392F2007AED39 /* Main.storyboard in Resources */,
				140B474A1B47704B00E38502 /* Images.xcassets in Resources */,
				14C626411B44D8FD00F319CF /* img.json in Resources */,
				14FF4CC11B2392F2007AED39 /* LaunchScreen.xib in Resources */,
			);
			runOnlyForDeploymentPostprocessing = 0;
		};
/* End PBXResourcesBuildPhase section */

/* Begin PBXSourcesBuildPhase section */
		143AF4E11B444E3A00265644 /* Sources */ = {
			isa = PBXSourcesBuildPhase;
			buildActionMask = 2147483647;
			files = (
			);
			runOnlyForDeploymentPostprocessing = 0;
		};
		14FF4C8D1B239166007AED39 /* Sources */ = {
			isa = PBXSourcesBuildPhase;
			buildActionMask = 2147483647;
			files = (
				14FF4CDA1B239ADC007AED39 /* ImageCollectionViewController.swift in Sources */,
				14C985B21B24DB31000FE9EC /* ImageViewPageController.swift in Sources */,
				147B16631B4660DE000844A3 /* ImageDownloader.swift in Sources */,
				14FF4CD91B239ADC007AED39 /* ImageCollectionViewCell.swift in Sources */,
				14FF4CDB1B239ADC007AED39 /* ImageViewController.swift in Sources */,
				14FF4CD81B239ADC007AED39 /* ImageCollection.swift in Sources */,
			);
			runOnlyForDeploymentPostprocessing = 0;
		};
		14FF4C991B239166007AED39 /* Sources */ = {
			isa = PBXSourcesBuildPhase;
			buildActionMask = 2147483647;
			files = (
				14FF4CA51B239166007AED39 /* UZImageCollectionTests.swift in Sources */,
			);
			runOnlyForDeploymentPostprocessing = 0;
		};
		14FF4CAE1B2392F2007AED39 /* Sources */ = {
			isa = PBXSourcesBuildPhase;
			buildActionMask = 2147483647;
			files = (
				14FF4CB91B2392F2007AED39 /* ViewController.swift in Sources */,
				14FF4CB71B2392F2007AED39 /* AppDelegate.swift in Sources */,
			);
			runOnlyForDeploymentPostprocessing = 0;
		};
/* End PBXSourcesBuildPhase section */

/* Begin PBXTargetDependency section */
		14C626451B44F83600F319CF /* PBXTargetDependency */ = {
			isa = PBXTargetDependency;
			target = 14FF4C911B239166007AED39 /* UZImageCollection */;
			targetProxy = 14C626441B44F83600F319CF /* PBXContainerItemProxy */;
		};
		14C626491B44F83600F319CF /* PBXTargetDependency */ = {
			isa = PBXTargetDependency;
			target = 143AF4E51B444E3A00265644 /* CommonCrypto */;
			targetProxy = 14C626481B44F83600F319CF /* PBXContainerItemProxy */;
		};
		14FF4CA01B239166007AED39 /* PBXTargetDependency */ = {
			isa = PBXTargetDependency;
			target = 14FF4C911B239166007AED39 /* UZImageCollection */;
			targetProxy = 14FF4C9F1B239166007AED39 /* PBXContainerItemProxy */;
		};
/* End PBXTargetDependency section */

/* Begin PBXVariantGroup section */
		14FF4CBA1B2392F2007AED39 /* Main.storyboard */ = {
			isa = PBXVariantGroup;
			children = (
				14FF4CBB1B2392F2007AED39 /* Base */,
			);
			name = Main.storyboard;
			sourceTree = "<group>";
		};
		14FF4CBF1B2392F2007AED39 /* LaunchScreen.xib */ = {
			isa = PBXVariantGroup;
			children = (
				14FF4CC01B2392F2007AED39 /* Base */,
			);
			name = LaunchScreen.xib;
			sourceTree = "<group>";
		};
/* End PBXVariantGroup section */

/* Begin XCBuildConfiguration section */
		143AF4F71B444E3A00265644 /* Debug */ = {
			isa = XCBuildConfiguration;
			baseConfigurationReference = 14C6263B1B44CB7E00F319CF /* CommonCrypto.xcconfig */;
			buildSettings = {
				CODE_SIGN_IDENTITY = "iPhone Developer";
				"CODE_SIGN_IDENTITY[sdk=iphoneos*]" = "iPhone Developer";
				DEBUG_INFORMATION_FORMAT = dwarf;
				DEFINES_MODULE = YES;
				DYLIB_COMPATIBILITY_VERSION = 1;
				DYLIB_CURRENT_VERSION = 1;
				DYLIB_INSTALL_NAME_BASE = "@rpath";
				INFOPLIST_FILE = CommonCrypto/Info.plist;
				INSTALL_PATH = "$(LOCAL_LIBRARY_DIR)/Frameworks";
				IPHONEOS_DEPLOYMENT_TARGET = 8.3;
				LD_RUNPATH_SEARCH_PATHS = "$(inherited) @executable_path/Frameworks @loader_path/Frameworks";
				PRODUCT_BUNDLE_IDENTIFIER = com.sonson.CommonCrypto;
				PRODUCT_NAME = "$(TARGET_NAME)";
				PROVISIONING_PROFILE = "";
				SKIP_INSTALL = YES;
			};
			name = Debug;
		};
		143AF4F81B444E3A00265644 /* Release */ = {
			isa = XCBuildConfiguration;
			baseConfigurationReference = 14C6263B1B44CB7E00F319CF /* CommonCrypto.xcconfig */;
			buildSettings = {
				CODE_SIGN_IDENTITY = "iPhone Developer";
				"CODE_SIGN_IDENTITY[sdk=iphoneos*]" = "iPhone Developer";
				DEFINES_MODULE = YES;
				DYLIB_COMPATIBILITY_VERSION = 1;
				DYLIB_CURRENT_VERSION = 1;
				DYLIB_INSTALL_NAME_BASE = "@rpath";
				INFOPLIST_FILE = CommonCrypto/Info.plist;
				INSTALL_PATH = "$(LOCAL_LIBRARY_DIR)/Frameworks";
				IPHONEOS_DEPLOYMENT_TARGET = 8.3;
				LD_RUNPATH_SEARCH_PATHS = "$(inherited) @executable_path/Frameworks @loader_path/Frameworks";
				PRODUCT_BUNDLE_IDENTIFIER = com.sonson.CommonCrypto;
				PRODUCT_NAME = "$(TARGET_NAME)";
				PROVISIONING_PROFILE = "";
				SKIP_INSTALL = YES;
			};
			name = Release;
		};
		14FF4CA61B239166007AED39 /* Debug */ = {
			isa = XCBuildConfiguration;
			buildSettings = {
				ALWAYS_SEARCH_USER_PATHS = NO;
				CLANG_CXX_LANGUAGE_STANDARD = "gnu++0x";
				CLANG_CXX_LIBRARY = "libc++";
				CLANG_ENABLE_MODULES = YES;
				CLANG_ENABLE_OBJC_ARC = YES;
				CLANG_WARN_BOOL_CONVERSION = YES;
				CLANG_WARN_CONSTANT_CONVERSION = YES;
				CLANG_WARN_DIRECT_OBJC_ISA_USAGE = YES_ERROR;
				CLANG_WARN_EMPTY_BODY = YES;
				CLANG_WARN_ENUM_CONVERSION = YES;
				CLANG_WARN_INT_CONVERSION = YES;
				CLANG_WARN_OBJC_ROOT_CLASS = YES_ERROR;
				CLANG_WARN_UNREACHABLE_CODE = YES;
				CLANG_WARN__DUPLICATE_METHOD_MATCH = YES;
				"CODE_SIGN_IDENTITY[sdk=iphoneos*]" = "iPhone Developer";
				COPY_PHASE_STRIP = NO;
				CURRENT_PROJECT_VERSION = 1;
				DEBUG_INFORMATION_FORMAT = "dwarf-with-dsym";
				ENABLE_STRICT_OBJC_MSGSEND = YES;
				ENABLE_TESTABILITY = YES;
				GCC_C_LANGUAGE_STANDARD = gnu99;
				GCC_DYNAMIC_NO_PIC = NO;
				GCC_NO_COMMON_BLOCKS = YES;
				GCC_OPTIMIZATION_LEVEL = 0;
				GCC_PREPROCESSOR_DEFINITIONS = (
					"DEBUG=1",
					"$(inherited)",
				);
				GCC_SYMBOLS_PRIVATE_EXTERN = NO;
				GCC_WARN_64_TO_32_BIT_CONVERSION = YES;
				GCC_WARN_ABOUT_RETURN_TYPE = YES_ERROR;
				GCC_WARN_UNDECLARED_SELECTOR = YES;
				GCC_WARN_UNINITIALIZED_AUTOS = YES_AGGRESSIVE;
				GCC_WARN_UNUSED_FUNCTION = YES;
				GCC_WARN_UNUSED_VARIABLE = YES;
				IPHONEOS_DEPLOYMENT_TARGET = 8.4;
				MTL_ENABLE_DEBUG_INFO = YES;
				ONLY_ACTIVE_ARCH = YES;
				SDKROOT = iphoneos;
				SWIFT_OPTIMIZATION_LEVEL = "-Onone";
				TARGETED_DEVICE_FAMILY = "1,2";
				VERSIONING_SYSTEM = "apple-generic";
				VERSION_INFO_PREFIX = "";
			};
			name = Debug;
		};
		14FF4CA71B239166007AED39 /* Release */ = {
			isa = XCBuildConfiguration;
			buildSettings = {
				ALWAYS_SEARCH_USER_PATHS = NO;
				CLANG_CXX_LANGUAGE_STANDARD = "gnu++0x";
				CLANG_CXX_LIBRARY = "libc++";
				CLANG_ENABLE_MODULES = YES;
				CLANG_ENABLE_OBJC_ARC = YES;
				CLANG_WARN_BOOL_CONVERSION = YES;
				CLANG_WARN_CONSTANT_CONVERSION = YES;
				CLANG_WARN_DIRECT_OBJC_ISA_USAGE = YES_ERROR;
				CLANG_WARN_EMPTY_BODY = YES;
				CLANG_WARN_ENUM_CONVERSION = YES;
				CLANG_WARN_INT_CONVERSION = YES;
				CLANG_WARN_OBJC_ROOT_CLASS = YES_ERROR;
				CLANG_WARN_UNREACHABLE_CODE = YES;
				CLANG_WARN__DUPLICATE_METHOD_MATCH = YES;
				"CODE_SIGN_IDENTITY[sdk=iphoneos*]" = "iPhone Developer";
				COPY_PHASE_STRIP = NO;
				CURRENT_PROJECT_VERSION = 1;
				DEBUG_INFORMATION_FORMAT = "dwarf-with-dsym";
				ENABLE_NS_ASSERTIONS = NO;
				ENABLE_STRICT_OBJC_MSGSEND = YES;
				GCC_C_LANGUAGE_STANDARD = gnu99;
				GCC_NO_COMMON_BLOCKS = YES;
				GCC_WARN_64_TO_32_BIT_CONVERSION = YES;
				GCC_WARN_ABOUT_RETURN_TYPE = YES_ERROR;
				GCC_WARN_UNDECLARED_SELECTOR = YES;
				GCC_WARN_UNINITIALIZED_AUTOS = YES_AGGRESSIVE;
				GCC_WARN_UNUSED_FUNCTION = YES;
				GCC_WARN_UNUSED_VARIABLE = YES;
				IPHONEOS_DEPLOYMENT_TARGET = 8.4;
				MTL_ENABLE_DEBUG_INFO = NO;
				SDKROOT = iphoneos;
				TARGETED_DEVICE_FAMILY = "1,2";
				VALIDATE_PRODUCT = YES;
				VERSIONING_SYSTEM = "apple-generic";
				VERSION_INFO_PREFIX = "";
			};
			name = Release;
		};
		14FF4CA91B239166007AED39 /* Debug */ = {
			isa = XCBuildConfiguration;
			buildSettings = {
				CODE_SIGN_IDENTITY = "iPhone Developer";
				"CODE_SIGN_IDENTITY[sdk=iphoneos*]" = "iPhone Developer: Yuichi Yoshida (AK9FYY958C)";
				DEFINES_MODULE = YES;
				DYLIB_COMPATIBILITY_VERSION = 1;
				DYLIB_CURRENT_VERSION = 1;
				DYLIB_INSTALL_NAME_BASE = "@rpath";
				INFOPLIST_FILE = UZImageCollection/Info.plist;
				INSTALL_PATH = "$(LOCAL_LIBRARY_DIR)/Frameworks";
				IPHONEOS_DEPLOYMENT_TARGET = 8.3;
				LD_RUNPATH_SEARCH_PATHS = "$(inherited) @executable_path/Frameworks @loader_path/Frameworks";
				PRODUCT_BUNDLE_IDENTIFIER = "com.sonson.$(PRODUCT_NAME:rfc1034identifier)";
				PRODUCT_NAME = "$(TARGET_NAME)";
				SKIP_INSTALL = YES;
				SWIFT_OBJC_BRIDGING_HEADER = "";
			};
			name = Debug;
		};
		14FF4CAA1B239166007AED39 /* Release */ = {
			isa = XCBuildConfiguration;
			buildSettings = {
				CODE_SIGN_IDENTITY = "iPhone Developer";
				DEFINES_MODULE = YES;
				DYLIB_COMPATIBILITY_VERSION = 1;
				DYLIB_CURRENT_VERSION = 1;
				DYLIB_INSTALL_NAME_BASE = "@rpath";
				INFOPLIST_FILE = UZImageCollection/Info.plist;
				INSTALL_PATH = "$(LOCAL_LIBRARY_DIR)/Frameworks";
				IPHONEOS_DEPLOYMENT_TARGET = 8.3;
				LD_RUNPATH_SEARCH_PATHS = "$(inherited) @executable_path/Frameworks @loader_path/Frameworks";
				PRODUCT_BUNDLE_IDENTIFIER = "com.sonson.$(PRODUCT_NAME:rfc1034identifier)";
				PRODUCT_NAME = "$(TARGET_NAME)";
				SKIP_INSTALL = YES;
				SWIFT_OBJC_BRIDGING_HEADER = "";
			};
			name = Release;
		};
		14FF4CAC1B239166007AED39 /* Debug */ = {
			isa = XCBuildConfiguration;
			buildSettings = {
				FRAMEWORK_SEARCH_PATHS = (
					"$(SDKROOT)/Developer/Library/Frameworks",
					"$(inherited)",
				);
				GCC_PREPROCESSOR_DEFINITIONS = (
					"DEBUG=1",
					"$(inherited)",
				);
				INFOPLIST_FILE = UZImageCollectionTests/Info.plist;
				LD_RUNPATH_SEARCH_PATHS = "$(inherited) @executable_path/Frameworks @loader_path/Frameworks";
				PRODUCT_BUNDLE_IDENTIFIER = "com.sonson.$(PRODUCT_NAME:rfc1034identifier)";
				PRODUCT_NAME = "$(TARGET_NAME)";
			};
			name = Debug;
		};
		14FF4CAD1B239166007AED39 /* Release */ = {
			isa = XCBuildConfiguration;
			buildSettings = {
				FRAMEWORK_SEARCH_PATHS = (
					"$(SDKROOT)/Developer/Library/Frameworks",
					"$(inherited)",
				);
				INFOPLIST_FILE = UZImageCollectionTests/Info.plist;
				LD_RUNPATH_SEARCH_PATHS = "$(inherited) @executable_path/Frameworks @loader_path/Frameworks";
				PRODUCT_BUNDLE_IDENTIFIER = "com.sonson.$(PRODUCT_NAME:rfc1034identifier)";
				PRODUCT_NAME = "$(TARGET_NAME)";
			};
			name = Release;
		};
		14FF4CCF1B2392F2007AED39 /* Debug */ = {
			isa = XCBuildConfiguration;
			buildSettings = {
				ASSETCATALOG_COMPILER_APPICON_NAME = AppIcon;
				CODE_SIGN_IDENTITY = "iPhone Developer";
				"CODE_SIGN_IDENTITY[sdk=iphoneos*]" = "iPhone Developer: Yuichi Yoshida (AK9FYY958C)";
				EMBEDDED_CONTENT_CONTAINS_SWIFT = YES;
				GCC_PREPROCESSOR_DEFINITIONS = (
					"DEBUG=1",
					"$(inherited)",
				);
				INFOPLIST_FILE = UZImageCollectionSample/Info.plist;
				IPHONEOS_DEPLOYMENT_TARGET = 8.3;
				LD_RUNPATH_SEARCH_PATHS = "$(inherited) @executable_path/Frameworks";
				PRODUCT_BUNDLE_IDENTIFIER = "com.sonson.$(PRODUCT_NAME:rfc1034identifier)";
				PRODUCT_NAME = "$(TARGET_NAME)";
				PROVISIONING_PROFILE = "205d4d71-5ba3-4e8a-9aad-9566ae53f194";
				SWIFT_OBJC_BRIDGING_HEADER = "$SRCROOT/UZImageCollection/objc-header.h";
			};
			name = Debug;
		};
		14FF4CD01B2392F2007AED39 /* Release */ = {
			isa = XCBuildConfiguration;
			buildSettings = {
				ASSETCATALOG_COMPILER_APPICON_NAME = AppIcon;
				CODE_SIGN_IDENTITY = "iPhone Developer";
				"CODE_SIGN_IDENTITY[sdk=iphoneos*]" = "iPhone Developer: Yuichi Yoshida (AK9FYY958C)";
				EMBEDDED_CONTENT_CONTAINS_SWIFT = YES;
				INFOPLIST_FILE = UZImageCollectionSample/Info.plist;
				IPHONEOS_DEPLOYMENT_TARGET = 8.3;
				LD_RUNPATH_SEARCH_PATHS = "$(inherited) @executable_path/Frameworks";
				PRODUCT_BUNDLE_IDENTIFIER = "com.sonson.$(PRODUCT_NAME:rfc1034identifier)";
				PRODUCT_NAME = "$(TARGET_NAME)";
				PROVISIONING_PROFILE = "205d4d71-5ba3-4e8a-9aad-9566ae53f194";
				SWIFT_OBJC_BRIDGING_HEADER = "$SRCROOT/UZImageCollection/objc-header.h";
			};
			name = Release;
		};
/* End XCBuildConfiguration section */

/* Begin XCConfigurationList section */
		143AF4FB1B444E3A00265644 /* Build configuration list for PBXNativeTarget "CommonCrypto" */ = {
			isa = XCConfigurationList;
			buildConfigurations = (
				143AF4F71B444E3A00265644 /* Debug */,
				143AF4F81B444E3A00265644 /* Release */,
			);
			defaultConfigurationIsVisible = 0;
			defaultConfigurationName = Release;
		};
		14FF4C8C1B239166007AED39 /* Build configuration list for PBXProject "UZImageCollection" */ = {
			isa = XCConfigurationList;
			buildConfigurations = (
				14FF4CA61B239166007AED39 /* Debug */,
				14FF4CA71B239166007AED39 /* Release */,
			);
			defaultConfigurationIsVisible = 0;
			defaultConfigurationName = Release;
		};
		14FF4CA81B239166007AED39 /* Build configuration list for PBXNativeTarget "UZImageCollection" */ = {
			isa = XCConfigurationList;
			buildConfigurations = (
				14FF4CA91B239166007AED39 /* Debug */,
				14FF4CAA1B239166007AED39 /* Release */,
			);
			defaultConfigurationIsVisible = 0;
			defaultConfigurationName = Release;
		};
		14FF4CAB1B239166007AED39 /* Build configuration list for PBXNativeTarget "UZImageCollectionTests" */ = {
			isa = XCConfigurationList;
			buildConfigurations = (
				14FF4CAC1B239166007AED39 /* Debug */,
				14FF4CAD1B239166007AED39 /* Release */,
			);
			defaultConfigurationIsVisible = 0;
			defaultConfigurationName = Release;
		};
		14FF4CCE1B2392F2007AED39 /* Build configuration list for PBXNativeTarget "UZImageCollectionSample" */ = {
			isa = XCConfigurationList;
			buildConfigurations = (
				14FF4CCF1B2392F2007AED39 /* Debug */,
				14FF4CD01B2392F2007AED39 /* Release */,
			);
			defaultConfigurationIsVisible = 0;
			defaultConfigurationName = Release;
		};
/* End XCConfigurationList section */
	};
	rootObject = 14FF4C891B239166007AED39 /* Project object */;
}
